
Microsoft Visual Studio Solution File, Format Version 12.00
# Visual Studio Version 17
VisualStudioVersion = 17.11.35327.3
MinimumVisualStudioVersion = 10.0.40219.1
Project("{FAE04EC0-301F-11D3-BF4B-00C04F79EFBC}") = "TimesTracker2", "TimesTracker2\TimesTracker2.csproj", "{B6EEA246-44B5-4099-B3C3-AAD233210F0D}"
EndProject
Global
	GlobalSection(SolutionConfigurationPlatforms) = preSolution
		Debug|Any CPU = Debug|Any CPU
		Release|Any CPU = Release|Any CPU
	EndGlobalSection
	GlobalSection(ProjectConfigurationPlatforms) = postSolution
		{B6EEA246-44B5-4099-B3C3-AAD233210F0D}.Debug|Any CPU.ActiveCfg = Debug|Any CPU
		{B6EEA246-44B5-4099-B3C3-AAD233210F0D}.Debug|Any CPU.Build.0 = Debug|Any CPU
		{B6EEA246-44B5-4099-B3C3-AAD233210F0D}.Release|Any CPU.ActiveCfg = Release|Any CPU
		{B6EEA246-44B5-4099-B3C3-AAD233210F0D}.Release|Any CPU.Build.0 = Release|Any CPU
	EndGlobalSection
	GlobalSection(SolutionProperties) = preSolution
		HideSolutionNode = FALSE
	EndGlobalSection
	GlobalSection(ExtensibilityGlobals) = postSolution
		SolutionGuid = {E6C741E3-80C2-4753-9461-0590E161662F}
	EndGlobalSection
EndGlobal
